// !$*UTF8*$!
{
	archiveVersion = 1;
	classes = {
	};
	objectVersion = 46;
	objects = {

/* Begin PBXBuildFile section */
		7828545F1E88BC4000832845 /* main.m in Sources */ = {isa = PBXBuildFile; fileRef = 7828545E1E88BC4000832845 /* main.m */; };
		782854621E88BC4000832845 /* AppDelegate.m in Sources */ = {isa = PBXBuildFile; fileRef = 782854611E88BC4000832845 /* AppDelegate.m */; };
		782854651E88BC4000832845 /* ViewController.m in Sources */ = {isa = PBXBuildFile; fileRef = 782854641E88BC4000832845 /* ViewController.m */; };
		782854681E88BC4000832845 /* Main.storyboard in Resources */ = {isa = PBXBuildFile; fileRef = 782854661E88BC4000832845 /* Main.storyboard */; };
		7828546A1E88BC4000832845 /* Assets.xcassets in Resources */ = {isa = PBXBuildFile; fileRef = 782854691E88BC4000832845 /* Assets.xcassets */; };
		7828546D1E88BC4000832845 /* LaunchScreen.storyboard in Resources */ = {isa = PBXBuildFile; fileRef = 7828546B1E88BC4000832845 /* LaunchScreen.storyboard */; };
		782854781E88BC4000832845 /* CTMediator_ExtensionTests.m in Sources */ = {isa = PBXBuildFile; fileRef = 782854771E88BC4000832845 /* CTMediator_ExtensionTests.m */; };
		782854831E88BC4000832845 /* CTMediator_ExtensionUITests.m in Sources */ = {isa = PBXBuildFile; fileRef = 782854821E88BC4000832845 /* CTMediator_ExtensionUITests.m */; };
		782854931E88BE6C00832845 /* CTMediatorContext.m in Sources */ = {isa = PBXBuildFile; fileRef = 782854921E88BE6C00832845 /* CTMediatorContext.m */; };
		7828549D1E88E4BC00832845 /* ModuleTest.m in Sources */ = {isa = PBXBuildFile; fileRef = 7828549C1E88E4BC00832845 /* ModuleTest.m */; };
		89B2F2E7AD8FECADAC381AD4 /* libPods-CTMediator-Extension.a in Frameworks */ = {isa = PBXBuildFile; fileRef = 7E9B2CCAD038E4DDD086B73E /* libPods-CTMediator-Extension.a */; };
/* End PBXBuildFile section */

/* Begin PBXContainerItemProxy section */
		782854741E88BC4000832845 /* PBXContainerItemProxy */ = {
			isa = PBXContainerItemProxy;
			containerPortal = 782854521E88BC4000832845 /* Project object */;
			proxyType = 1;
			remoteGlobalIDString = 782854591E88BC4000832845;
			remoteInfo = "CTMediator-Extension";
		};
		7828547F1E88BC4000832845 /* PBXContainerItemProxy */ = {
			isa = PBXContainerItemProxy;
			containerPortal = 782854521E88BC4000832845 /* Project object */;
			proxyType = 1;
			remoteGlobalIDString = 782854591E88BC4000832845;
			remoteInfo = "CTMediator-Extension";
		};
/* End PBXContainerItemProxy section */

/* Begin PBXFileReference section */
		24AAF2FBB5CB22FAED572E8D /* Pods-CTMediator-Extension.debug.xcconfig */ = {isa = PBXFileReference; includeInIndex = 1; lastKnownFileType = text.xcconfig; name = "Pods-CTMediator-Extension.debug.xcconfig"; path = "Pods/Target Support Files/Pods-CTMediator-Extension/Pods-CTMediator-Extension.debug.xcconfig"; sourceTree = "<group>"; };
		2CB7FF1A126279588AAE3F44 /* Pods-CTMediator-Extension.release.xcconfig */ = {isa = PBXFileReference; includeInIndex = 1; lastKnownFileType = text.xcconfig; name = "Pods-CTMediator-Extension.release.xcconfig"; path = "Pods/Target Support Files/Pods-CTMediator-Extension/Pods-CTMediator-Extension.release.xcconfig"; sourceTree = "<group>"; };
		7828545A1E88BC4000832845 /* CTMediator-Extension.app */ = {isa = PBXFileReference; explicitFileType = wrapper.application; includeInIndex = 0; path = "CTMediator-Extension.app"; sourceTree = BUILT_PRODUCTS_DIR; };
		7828545E1E88BC4000832845 /* main.m */ = {isa = PBXFileReference; lastKnownFileType = sourcecode.c.objc; path = main.m; sourceTree = "<group>"; };
		782854601E88BC4000832845 /* AppDelegate.h */ = {isa = PBXFileReference; lastKnownFileType = sourcecode.c.h; path = AppDelegate.h; sourceTree = "<group>"; };
		782854611E88BC4000832845 /* AppDelegate.m */ = {isa = PBXFileReference; lastKnownFileType = sourcecode.c.objc; path = AppDelegate.m; sourceTree = "<group>"; };
		782854631E88BC4000832845 /* ViewController.h */ = {isa = PBXFileReference; lastKnownFileType = sourcecode.c.h; path = ViewController.h; sourceTree = "<group>"; };
		782854641E88BC4000832845 /* ViewController.m */ = {isa = PBXFileReference; lastKnownFileType = sourcecode.c.objc; path = ViewController.m; sourceTree = "<group>"; };
		782854671E88BC4000832845 /* Base */ = {isa = PBXFileReference; lastKnownFileType = file.storyboard; name = Base; path = Base.lproj/Main.storyboard; sourceTree = "<group>"; };
		782854691E88BC4000832845 /* Assets.xcassets */ = {isa = PBXFileReference; lastKnownFileType = folder.assetcatalog; path = Assets.xcassets; sourceTree = "<group>"; };
		7828546C1E88BC4000832845 /* Base */ = {isa = PBXFileReference; lastKnownFileType = file.storyboard; name = Base; path = Base.lproj/LaunchScreen.storyboard; sourceTree = "<group>"; };
		7828546E1E88BC4000832845 /* Info.plist */ = {isa = PBXFileReference; lastKnownFileType = text.plist.xml; path = Info.plist; sourceTree = "<group>"; };
		782854731E88BC4000832845 /* CTMediator-ExtensionTests.xctest */ = {isa = PBXFileReference; explicitFileType = wrapper.cfbundle; includeInIndex = 0; path = "CTMediator-ExtensionTests.xctest"; sourceTree = BUILT_PRODUCTS_DIR; };
		782854771E88BC4000832845 /* CTMediator_ExtensionTests.m */ = {isa = PBXFileReference; lastKnownFileType = sourcecode.c.objc; path = CTMediator_ExtensionTests.m; sourceTree = "<group>"; };
		782854791E88BC4000832845 /* Info.plist */ = {isa = PBXFileReference; lastKnownFileType = text.plist.xml; path = Info.plist; sourceTree = "<group>"; };
		7828547E1E88BC4000832845 /* CTMediator-ExtensionUITests.xctest */ = {isa = PBXFileReference; explicitFileType = wrapper.cfbundle; includeInIndex = 0; path = "CTMediator-ExtensionUITests.xctest"; sourceTree = BUILT_PRODUCTS_DIR; };
		782854821E88BC4000832845 /* CTMediator_ExtensionUITests.m */ = {isa = PBXFileReference; lastKnownFileType = sourcecode.c.objc; path = CTMediator_ExtensionUITests.m; sourceTree = "<group>"; };
		782854841E88BC4000832845 /* Info.plist */ = {isa = PBXFileReference; lastKnownFileType = text.plist.xml; path = Info.plist; sourceTree = "<group>"; };
		782854911E88BE6C00832845 /* CTMediatorContext.h */ = {isa = PBXFileReference; fileEncoding = 4; lastKnownFileType = sourcecode.c.h; path = CTMediatorContext.h; sourceTree = "<group>"; };
		782854921E88BE6C00832845 /* CTMediatorContext.m */ = {isa = PBXFileReference; fileEncoding = 4; lastKnownFileType = sourcecode.c.objc; path = CTMediatorContext.m; sourceTree = "<group>"; };
		782854941E88BE8D00832845 /* CTContextMacros.h */ = {isa = PBXFileReference; lastKnownFileType = sourcecode.c.h; path = CTContextMacros.h; sourceTree = "<group>"; };
		782854951E88BF9000832845 /* CTModule.h */ = {isa = PBXFileReference; fileEncoding = 4; lastKnownFileType = sourcecode.c.h; path = CTModule.h; sourceTree = "<group>"; };
		782854991E88DF5900832845 /* CTMediator-Extension.h */ = {isa = PBXFileReference; lastKnownFileType = sourcecode.c.h; path = "CTMediator-Extension.h"; sourceTree = "<group>"; };
		7828549B1E88E4BC00832845 /* ModuleTest.h */ = {isa = PBXFileReference; fileEncoding = 4; lastKnownFileType = sourcecode.c.h; path = ModuleTest.h; sourceTree = "<group>"; };
		7828549C1E88E4BC00832845 /* ModuleTest.m */ = {isa = PBXFileReference; fileEncoding = 4; lastKnownFileType = sourcecode.c.objc; path = ModuleTest.m; sourceTree = "<group>"; };
		7E9B2CCAD038E4DDD086B73E /* libPods-CTMediator-Extension.a */ = {isa = PBXFileReference; explicitFileType = archive.ar; includeInIndex = 0; path = "libPods-CTMediator-Extension.a"; sourceTree = BUILT_PRODUCTS_DIR; };
/* End PBXFileReference section */

/* Begin PBXFrameworksBuildPhase section */
		782854571E88BC4000832845 /* Frameworks */ = {
			isa = PBXFrameworksBuildPhase;
			buildActionMask = 2147483647;
			files = (
				89B2F2E7AD8FECADAC381AD4 /* libPods-CTMediator-Extension.a in Frameworks */,
			);
			runOnlyForDeploymentPostprocessing = 0;
		};
		782854701E88BC4000832845 /* Frameworks */ = {
			isa = PBXFrameworksBuildPhase;
			buildActionMask = 2147483647;
			files = (
			);
			runOnlyForDeploymentPostprocessing = 0;
		};
		7828547B1E88BC4000832845 /* Frameworks */ = {
			isa = PBXFrameworksBuildPhase;
			buildActionMask = 2147483647;
			files = (
			);
			runOnlyForDeploymentPostprocessing = 0;
		};
/* End PBXFrameworksBuildPhase section */

/* Begin PBXGroup section */
		4525BAAD6C6D7CF26C12BFF1 /* Frameworks */ = {
			isa = PBXGroup;
			children = (
				7E9B2CCAD038E4DDD086B73E /* libPods-CTMediator-Extension.a */,
			);
			name = Frameworks;
			sourceTree = "<group>";
		};
		782854511E88BC4000832845 = {
			isa = PBXGroup;
			children = (
				7828545C1E88BC4000832845 /* CTMediator-Extension */,
				782854761E88BC4000832845 /* CTMediator-ExtensionTests */,
				782854811E88BC4000832845 /* CTMediator-ExtensionUITests */,
				7828545B1E88BC4000832845 /* Products */,
				92B6374153646594D6EC6541 /* Pods */,
				4525BAAD6C6D7CF26C12BFF1 /* Frameworks */,
			);
			sourceTree = "<group>";
		};
		7828545B1E88BC4000832845 /* Products */ = {
			isa = PBXGroup;
			children = (
				7828545A1E88BC4000832845 /* CTMediator-Extension.app */,
				782854731E88BC4000832845 /* CTMediator-ExtensionTests.xctest */,
				7828547E1E88BC4000832845 /* CTMediator-ExtensionUITests.xctest */,
			);
			name = Products;
			sourceTree = "<group>";
		};
		7828545C1E88BC4000832845 /* CTMediator-Extension */ = {
			isa = PBXGroup;
			children = (
				782854901E88BE1200832845 /* CTMediator-Extension */,
				782854601E88BC4000832845 /* AppDelegate.h */,
				782854611E88BC4000832845 /* AppDelegate.m */,
				782854631E88BC4000832845 /* ViewController.h */,
				782854641E88BC4000832845 /* ViewController.m */,
				782854661E88BC4000832845 /* Main.storyboard */,
				782854691E88BC4000832845 /* Assets.xcassets */,
				7828546B1E88BC4000832845 /* LaunchScreen.storyboard */,
				7828546E1E88BC4000832845 /* Info.plist */,
				7828545D1E88BC4000832845 /* Supporting Files */,
				7828549B1E88E4BC00832845 /* ModuleTest.h */,
				7828549C1E88E4BC00832845 /* ModuleTest.m */,
			);
			path = "CTMediator-Extension";
			sourceTree = "<group>";
		};
		7828545D1E88BC4000832845 /* Supporting Files */ = {
			isa = PBXGroup;
			children = (
				7828545E1E88BC4000832845 /* main.m */,
			);
			name = "Supporting Files";
			sourceTree = "<group>";
		};
		782854761E88BC4000832845 /* CTMediator-ExtensionTests */ = {
			isa = PBXGroup;
			children = (
				782854771E88BC4000832845 /* CTMediator_ExtensionTests.m */,
				782854791E88BC4000832845 /* Info.plist */,
			);
			path = "CTMediator-ExtensionTests";
			sourceTree = "<group>";
		};
		782854811E88BC4000832845 /* CTMediator-ExtensionUITests */ = {
			isa = PBXGroup;
			children = (
				782854821E88BC4000832845 /* CTMediator_ExtensionUITests.m */,
				782854841E88BC4000832845 /* Info.plist */,
			);
			path = "CTMediator-ExtensionUITests";
			sourceTree = "<group>";
		};
		782854901E88BE1200832845 /* CTMediator-Extension */ = {
			isa = PBXGroup;
			children = (
				782854911E88BE6C00832845 /* CTMediatorContext.h */,
				782854921E88BE6C00832845 /* CTMediatorContext.m */,
				782854941E88BE8D00832845 /* CTContextMacros.h */,
				782854951E88BF9000832845 /* CTModule.h */,
				782854991E88DF5900832845 /* CTMediator-Extension.h */,
			);
			path = "CTMediator-Extension";
			sourceTree = "<group>";
		};
		92B6374153646594D6EC6541 /* Pods */ = {
			isa = PBXGroup;
			children = (
				24AAF2FBB5CB22FAED572E8D /* Pods-CTMediator-Extension.debug.xcconfig */,
				2CB7FF1A126279588AAE3F44 /* Pods-CTMediator-Extension.release.xcconfig */,
			);
			name = Pods;
			sourceTree = "<group>";
		};
/* End PBXGroup section */

/* Begin PBXNativeTarget section */
		782854591E88BC4000832845 /* CTMediator-Extension */ = {
			isa = PBXNativeTarget;
			buildConfigurationList = 782854871E88BC4000832845 /* Build configuration list for PBXNativeTarget "CTMediator-Extension" */;
			buildPhases = (
				92D8C58E6019AD510732D077 /* [CP] Check Pods Manifest.lock */,
				782854561E88BC4000832845 /* Sources */,
				782854571E88BC4000832845 /* Frameworks */,
				782854581E88BC4000832845 /* Resources */,
				D3F0AF8C9772DC9CA33FFCD7 /* [CP] Embed Pods Frameworks */,
				A50E5895ED3365EB66418137 /* [CP] Copy Pods Resources */,
			);
			buildRules = (
			);
			dependencies = (
			);
			name = "CTMediator-Extension";
			productName = "CTMediator-Extension";
			productReference = 7828545A1E88BC4000832845 /* CTMediator-Extension.app */;
			productType = "com.apple.product-type.application";
		};
		782854721E88BC4000832845 /* CTMediator-ExtensionTests */ = {
			isa = PBXNativeTarget;
			buildConfigurationList = 7828548A1E88BC4000832845 /* Build configuration list for PBXNativeTarget "CTMediator-ExtensionTests" */;
			buildPhases = (
				7828546F1E88BC4000832845 /* Sources */,
				782854701E88BC4000832845 /* Frameworks */,
				782854711E88BC4000832845 /* Resources */,
			);
			buildRules = (
			);
			dependencies = (
				782854751E88BC4000832845 /* PBXTargetDependency */,
			);
			name = "CTMediator-ExtensionTests";
			productName = "CTMediator-ExtensionTests";
			productReference = 782854731E88BC4000832845 /* CTMediator-ExtensionTests.xctest */;
			productType = "com.apple.product-type.bundle.unit-test";
		};
		7828547D1E88BC4000832845 /* CTMediator-ExtensionUITests */ = {
			isa = PBXNativeTarget;
			buildConfigurationList = 7828548D1E88BC4000832845 /* Build configuration list for PBXNativeTarget "CTMediator-ExtensionUITests" */;
			buildPhases = (
				7828547A1E88BC4000832845 /* Sources */,
				7828547B1E88BC4000832845 /* Frameworks */,
				7828547C1E88BC4000832845 /* Resources */,
			);
			buildRules = (
			);
			dependencies = (
				782854801E88BC4000832845 /* PBXTargetDependency */,
			);
			name = "CTMediator-ExtensionUITests";
			productName = "CTMediator-ExtensionUITests";
			productReference = 7828547E1E88BC4000832845 /* CTMediator-ExtensionUITests.xctest */;
			productType = "com.apple.product-type.bundle.ui-testing";
		};
/* End PBXNativeTarget section */

/* Begin PBXProject section */
		782854521E88BC4000832845 /* Project object */ = {
			isa = PBXProject;
			attributes = {
				LastUpgradeCheck = 0820;
				ORGANIZATIONNAME = yyzc;
				TargetAttributes = {
					782854591E88BC4000832845 = {
						CreatedOnToolsVersion = 8.2.1;
						ProvisioningStyle = Automatic;
					};
					782854721E88BC4000832845 = {
						CreatedOnToolsVersion = 8.2.1;
						ProvisioningStyle = Automatic;
						TestTargetID = 782854591E88BC4000832845;
					};
					7828547D1E88BC4000832845 = {
						CreatedOnToolsVersion = 8.2.1;
						ProvisioningStyle = Automatic;
						TestTargetID = 782854591E88BC4000832845;
					};
				};
			};
			buildConfigurationList = 782854551E88BC4000832845 /* Build configuration list for PBXProject "CTMediator-Extension" */;
			compatibilityVersion = "Xcode 3.2";
			developmentRegion = English;
			hasScannedForEncodings = 0;
			knownRegions = (
				en,
				Base,
			);
			mainGroup = 782854511E88BC4000832845;
			productRefGroup = 7828545B1E88BC4000832845 /* Products */;
			projectDirPath = "";
			projectRoot = "";
			targets = (
				782854591E88BC4000832845 /* CTMediator-Extension */,
				782854721E88BC4000832845 /* CTMediator-ExtensionTests */,
				7828547D1E88BC4000832845 /* CTMediator-ExtensionUITests */,
			);
		};
/* End PBXProject section */

/* Begin PBXResourcesBuildPhase section */
		782854581E88BC4000832845 /* Resources */ = {
			isa = PBXResourcesBuildPhase;
			buildActionMask = 2147483647;
			files = (
				7828546D1E88BC4000832845 /* LaunchScreen.storyboard in Resources */,
				7828546A1E88BC4000832845 /* Assets.xcassets in Resources */,
				782854681E88BC4000832845 /* Main.storyboard in Resources */,
			);
			runOnlyForDeploymentPostprocessing = 0;
		};
		782854711E88BC4000832845 /* Resources */ = {
			isa = PBXResourcesBuildPhase;
			buildActionMask = 2147483647;
			files = (
			);
			runOnlyForDeploymentPostprocessing = 0;
		};
		7828547C1E88BC4000832845 /* Resources */ = {
			isa = PBXResourcesBuildPhase;
			buildActionMask = 2147483647;
			files = (
			);
			runOnlyForDeploymentPostprocessing = 0;
		};
/* End PBXResourcesBuildPhase section */

/* Begin PBXShellScriptBuildPhase section */
		92D8C58E6019AD510732D077 /* [CP] Check Pods Manifest.lock */ = {
			isa = PBXShellScriptBuildPhase;
			buildActionMask = 2147483647;
			files = (
			);
			inputPaths = (
			);
			name = "[CP] Check Pods Manifest.lock";
			outputPaths = (
			);
			runOnlyForDeploymentPostprocessing = 0;
			shellPath = /bin/sh;
			shellScript = "diff \"${PODS_ROOT}/../Podfile.lock\" \"${PODS_ROOT}/Manifest.lock\" > /dev/null\nif [ $? != 0 ] ; then\n    # print error to STDERR\n    echo \"error: The sandbox is not in sync with the Podfile.lock. Run 'pod install' or update your CocoaPods installation.\" >&2\n    exit 1\nfi\n";
			showEnvVarsInLog = 0;
		};
		A50E5895ED3365EB66418137 /* [CP] Copy Pods Resources */ = {
			isa = PBXShellScriptBuildPhase;
			buildActionMask = 2147483647;
			files = (
			);
			inputPaths = (
			);
			name = "[CP] Copy Pods Resources";
			outputPaths = (
			);
			runOnlyForDeploymentPostprocessing = 0;
			shellPath = /bin/sh;
			shellScript = "\"${SRCROOT}/Pods/Target Support Files/Pods-CTMediator-Extension/Pods-CTMediator-Extension-resources.sh\"\n";
			showEnvVarsInLog = 0;
		};
		D3F0AF8C9772DC9CA33FFCD7 /* [CP] Embed Pods Frameworks */ = {
			isa = PBXShellScriptBuildPhase;
			buildActionMask = 2147483647;
			files = (
			);
			inputPaths = (
			);
			name = "[CP] Embed Pods Frameworks";
			outputPaths = (
			);
			runOnlyForDeploymentPostprocessing = 0;
			shellPath = /bin/sh;
			shellScript = "\"${SRCROOT}/Pods/Target Support Files/Pods-CTMediator-Extension/Pods-CTMediator-Extension-frameworks.sh\"\n";
			showEnvVarsInLog = 0;
		};
/* End PBXShellScriptBuildPhase section */

/* Begin PBXSourcesBuildPhase section */
		782854561E88BC4000832845 /* Sources */ = {
			isa = PBXSourcesBuildPhase;
			buildActionMask = 2147483647;
			files = (
				782854651E88BC4000832845 /* ViewController.m in Sources */,
				782854621E88BC4000832845 /* AppDelegate.m in Sources */,
				7828545F1E88BC4000832845 /* main.m in Sources */,
				782854931E88BE6C00832845 /* CTMediatorContext.m in Sources */,
				7828549D1E88E4BC00832845 /* ModuleTest.m in Sources */,
			);
			runOnlyForDeploymentPostprocessing = 0;
		};
		7828546F1E88BC4000832845 /* Sources */ = {
			isa = PBXSourcesBuildPhase;
			buildActionMask = 2147483647;
			files = (
				782854781E88BC4000832845 /* CTMediator_ExtensionTests.m in Sources */,
			);
			runOnlyForDeploymentPostprocessing = 0;
		};
		7828547A1E88BC4000832845 /* Sources */ = {
			isa = PBXSourcesBuildPhase;
			buildActionMask = 2147483647;
			files = (
				782854831E88BC4000832845 /* CTMediator_ExtensionUITests.m in Sources */,
			);
			runOnlyForDeploymentPostprocessing = 0;
		};
/* End PBXSourcesBuildPhase section */

/* Begin PBXTargetDependency section */
		782854751E88BC4000832845 /* PBXTargetDependency */ = {
			isa = PBXTargetDependency;
			target = 782854591E88BC4000832845 /* CTMediator-Extension */;
			targetProxy = 782854741E88BC4000832845 /* PBXContainerItemProxy */;
		};
		782854801E88BC4000832845 /* PBXTargetDependency */ = {
			isa = PBXTargetDependency;
			target = 782854591E88BC4000832845 /* CTMediator-Extension */;
			targetProxy = 7828547F1E88BC4000832845 /* PBXContainerItemProxy */;
		};
/* End PBXTargetDependency section */

/* Begin PBXVariantGroup section */
		782854661E88BC4000832845 /* Main.storyboard */ = {
			isa = PBXVariantGroup;
			children = (
				782854671E88BC4000832845 /* Base */,
			);
			name = Main.storyboard;
			sourceTree = "<group>";
		};
		7828546B1E88BC4000832845 /* LaunchScreen.storyboard */ = {
			isa = PBXVariantGroup;
			children = (
				7828546C1E88BC4000832845 /* Base */,
			);
			name = LaunchScreen.storyboard;
			sourceTree = "<group>";
		};
/* End PBXVariantGroup section */

/* Begin XCBuildConfiguration section */
		782854851E88BC4000832845 /* Debug */ = {
			isa = XCBuildConfiguration;
			buildSettings = {
				ALWAYS_SEARCH_USER_PATHS = NO;
				CLANG_ANALYZER_NONNULL = YES;
				CLANG_CXX_LANGUAGE_STANDARD = "gnu++0x";
				CLANG_CXX_LIBRARY = "libc++";
				CLANG_ENABLE_MODULES = YES;
				CLANG_ENABLE_OBJC_ARC = YES;
				CLANG_WARN_BOOL_CONVERSION = YES;
				CLANG_WARN_CONSTANT_CONVERSION = YES;
				CLANG_WARN_DIRECT_OBJC_ISA_USAGE = YES_ERROR;
				CLANG_WARN_DOCUMENTATION_COMMENTS = YES;
				CLANG_WARN_EMPTY_BODY = YES;
				CLANG_WARN_ENUM_CONVERSION = YES;
				CLANG_WARN_INFINITE_RECURSION = YES;
				CLANG_WARN_INT_CONVERSION = YES;
				CLANG_WARN_OBJC_ROOT_CLASS = YES_ERROR;
				CLANG_WARN_SUSPICIOUS_MOVE = YES;
				CLANG_WARN_UNREACHABLE_CODE = YES;
				CLANG_WARN__DUPLICATE_METHOD_MATCH = YES;
				"CODE_SIGN_IDENTITY[sdk=iphoneos*]" = "iPhone Developer";
				COPY_PHASE_STRIP = NO;
				DEBUG_INFORMATION_FORMAT = dwarf;
				ENABLE_STRICT_OBJC_MSGSEND = YES;
				ENABLE_TESTABILITY = YES;
				GCC_C_LANGUAGE_STANDARD = gnu99;
				GCC_DYNAMIC_NO_PIC = NO;
				GCC_NO_COMMON_BLOCKS = YES;
				GCC_OPTIMIZATION_LEVEL = 0;
				GCC_PREPROCESSOR_DEFINITIONS = (
					"DEBUG=1",
					"$(inherited)",
				);
				GCC_WARN_64_TO_32_BIT_CONVERSION = YES;
				GCC_WARN_ABOUT_RETURN_TYPE = YES_ERROR;
				GCC_WARN_UNDECLARED_SELECTOR = YES;
				GCC_WARN_UNINITIALIZED_AUTOS = YES_AGGRESSIVE;
				GCC_WARN_UNUSED_FUNCTION = YES;
				GCC_WARN_UNUSED_VARIABLE = YES;
				IPHONEOS_DEPLOYMENT_TARGET = 10.2;
				MTL_ENABLE_DEBUG_INFO = YES;
				ONLY_ACTIVE_ARCH = YES;
				SDKROOT = iphoneos;
				TARGETED_DEVICE_FAMILY = "1,2";
			};
			name = Debug;
		};
		782854861E88BC4000832845 /* Release */ = {
			isa = XCBuildConfiguration;
			buildSettings = {
				ALWAYS_SEARCH_USER_PATHS = NO;
				CLANG_ANALYZER_NONNULL = YES;
				CLANG_CXX_LANGUAGE_STANDARD = "gnu++0x";
				CLANG_CXX_LIBRARY = "libc++";
				CLANG_ENABLE_MODULES = YES;
				CLANG_ENABLE_OBJC_ARC = YES;
				CLANG_WARN_BOOL_CONVERSION = YES;
				CLANG_WARN_CONSTANT_CONVERSION = YES;
				CLANG_WARN_DIRECT_OBJC_ISA_USAGE = YES_ERROR;
				CLANG_WARN_DOCUMENTATION_COMMENTS = YES;
				CLANG_WARN_EMPTY_BODY = YES;
				CLANG_WARN_ENUM_CONVERSION = YES;
				CLANG_WARN_INFINITE_RECURSION = YES;
				CLANG_WARN_INT_CONVERSION = YES;
				CLANG_WARN_OBJC_ROOT_CLASS = YES_ERROR;
				CLANG_WARN_SUSPICIOUS_MOVE = YES;
				CLANG_WARN_UNREACHABLE_CODE = YES;
				CLANG_WARN__DUPLICATE_METHOD_MATCH = YES;
				"CODE_SIGN_IDENTITY[sdk=iphoneos*]" = "iPhone Developer";
				COPY_PHASE_STRIP = NO;
				DEBUG_INFORMATION_FORMAT = "dwarf-with-dsym";
				ENABLE_NS_ASSERTIONS = NO;
				ENABLE_STRICT_OBJC_MSGSEND = YES;
				GCC_C_LANGUAGE_STANDARD = gnu99;
				GCC_NO_COMMON_BLOCKS = YES;
				GCC_WARN_64_TO_32_BIT_CONVERSION = YES;
				GCC_WARN_ABOUT_RETURN_TYPE = YES_ERROR;
				GCC_WARN_UNDECLARED_SELECTOR = YES;
				GCC_WARN_UNINITIALIZED_AUTOS = YES_AGGRESSIVE;
				GCC_WARN_UNUSED_FUNCTION = YES;
				GCC_WARN_UNUSED_VARIABLE = YES;
				IPHONEOS_DEPLOYMENT_TARGET = 10.2;
				MTL_ENABLE_DEBUG_INFO = NO;
				SDKROOT = iphoneos;
				TARGETED_DEVICE_FAMILY = "1,2";
				VALIDATE_PRODUCT = YES;
			};
			name = Release;
		};
		782854881E88BC4000832845 /* Debug */ = {
			isa = XCBuildConfiguration;
			baseConfigurationReference = 24AAF2FBB5CB22FAED572E8D /* Pods-CTMediator-Extension.debug.xcconfig */;
			buildSettings = {
				ASSETCATALOG_COMPILER_APPICON_NAME = AppIcon;
				INFOPLIST_FILE = "CTMediator-Extension/Info.plist";
				LD_RUNPATH_SEARCH_PATHS = "$(inherited) @executable_path/Frameworks";
				PRODUCT_BUNDLE_IDENTIFIER = "com.yyzc.CTMediator-Extension";
				PRODUCT_NAME = "$(TARGET_NAME)";
			};
			name = Debug;
		};
		782854891E88BC4000832845 /* Release */ = {
			isa = XCBuildConfiguration;
			baseConfigurationReference = 2CB7FF1A126279588AAE3F44 /* Pods-CTMediator-Extension.release.xcconfig */;
			buildSettings = {
				ASSETCATALOG_COMPILER_APPICON_NAME = AppIcon;
				INFOPLIST_FILE = "CTMediator-Extension/Info.plist";
				LD_RUNPATH_SEARCH_PATHS = "$(inherited) @executable_path/Frameworks";
				PRODUCT_BUNDLE_IDENTIFIER = "com.yyzc.CTMediator-Extension";
				PRODUCT_NAME = "$(TARGET_NAME)";
			};
			name = Release;
		};
		7828548B1E88BC4000832845 /* Debug */ = {
			isa = XCBuildConfiguration;
			buildSettings = {
				BUNDLE_LOADER = "$(TEST_HOST)";
				INFOPLIST_FILE = "CTMediator-ExtensionTests/Info.plist";
				LD_RUNPATH_SEARCH_PATHS = "$(inherited) @executable_path/Frameworks @loader_path/Frameworks";
				PRODUCT_BUNDLE_IDENTIFIER = "com.yyzc.CTMediator-ExtensionTests";
				PRODUCT_NAME = "$(TARGET_NAME)";
				TEST_HOST = "$(BUILT_PRODUCTS_DIR)/CTMediator-Extension.app/CTMediator-Extension";
			};
			name = Debug;
		};
		7828548C1E88BC4000832845 /* Release */ = {
			isa = XCBuildConfiguration;
			buildSettings = {
				BUNDLE_LOADER = "$(TEST_HOST)";
				INFOPLIST_FILE = "CTMediator-ExtensionTests/Info.plist";
				LD_RUNPATH_SEARCH_PATHS = "$(inherited) @executable_path/Frameworks @loader_path/Frameworks";
				PRODUCT_BUNDLE_IDENTIFIER = "com.yyzc.CTMediator-ExtensionTests";
				PRODUCT_NAME = "$(TARGET_NAME)";
				TEST_HOST = "$(BUILT_PRODUCTS_DIR)/CTMediator-Extension.app/CTMediator-Extension";
			};
			name = Release;
		};
		7828548E1E88BC4000832845 /* Debug */ = {
			isa = XCBuildConfiguration;
			buildSettings = {
				INFOPLIST_FILE = "CTMediator-ExtensionUITests/Info.plist";
				LD_RUNPATH_SEARCH_PATHS = "$(inherited) @executable_path/Frameworks @loader_path/Frameworks";
				PRODUCT_BUNDLE_IDENTIFIER = "com.yyzc.CTMediator-ExtensionUITests";
				PRODUCT_NAME = "$(TARGET_NAME)";
				TEST_TARGET_NAME = "CTMediator-Extension";
			};
			name = Debug;
		};
		7828548F1E88BC4000832845 /* Release */ = {
			isa = XCBuildConfiguration;
			buildSettings = {
				INFOPLIST_FILE = "CTMediator-ExtensionUITests/Info.plist";
				LD_RUNPATH_SEARCH_PATHS = "$(inherited) @executable_path/Frameworks @loader_path/Frameworks";
				PRODUCT_BUNDLE_IDENTIFIER = "com.yyzc.CTMediator-ExtensionUITests";
				PRODUCT_NAME = "$(TARGET_NAME)";
				TEST_TARGET_NAME = "CTMediator-Extension";
			};
			name = Release;
		};
/* End XCBuildConfiguration section */

/* Begin XCConfigurationList section */
		782854551E88BC4000832845 /* Build configuration list for PBXProject "CTMediator-Extension" */ = {
			isa = XCConfigurationList;
			buildConfigurations = (
				782854851E88BC4000832845 /* Debug */,
				782854861E88BC4000832845 /* Release */,
			);
			defaultConfigurationIsVisible = 0;
			defaultConfigurationName = Release;
		};
		782854871E88BC4000832845 /* Build configuration list for PBXNativeTarget "CTMediator-Extension" */ = {
			isa = XCConfigurationList;
			buildConfigurations = (
				782854881E88BC4000832845 /* Debug */,
				782854891E88BC4000832845 /* Release */,
			);
			defaultConfigurationIsVisible = 0;
			defaultConfigurationName = Release;
		};
		7828548A1E88BC4000832845 /* Build configuration list for PBXNativeTarget "CTMediator-ExtensionTests" */ = {
			isa = XCConfigurationList;
			buildConfigurations = (
				7828548B1E88BC4000832845 /* Debug */,
				7828548C1E88BC4000832845 /* Release */,
			);
			defaultConfigurationIsVisible = 0;
			defaultConfigurationName = Release;
		};
		7828548D1E88BC4000832845 /* Build configuration list for PBXNativeTarget "CTMediator-ExtensionUITests" */ = {
			isa = XCConfigurationList;
			buildConfigurations = (
				7828548E1E88BC4000832845 /* Debug */,
				7828548F1E88BC4000832845 /* Release */,
			);
			defaultConfigurationIsVisible = 0;
			defaultConfigurationName = Release;
		};
/* End XCConfigurationList section */
	};
	rootObject = 782854521E88BC4000832845 /* Project object */;
}
